
Microsoft Visual Studio Solution File, Format Version 12.00
# Visual Studio Version 16
VisualStudioVersion = 16.0.32413.511
MinimumVisualStudioVersion = 10.0.40219.1
Project("{FAE04EC0-301F-11D3-BF4B-00C04F79EFBC}") = "Laborator5_Char_Sring", "Laborator5_Char_Sring\Laborator5_Char_Sring.csproj", "{C48ED8DA-FDBA-4530-894C-AAA427691413}"
EndProject
Global
	GlobalSection(SolutionConfigurationPlatforms) = preSolution
		Debug|Any CPU = Debug|Any CPU
		Release|Any CPU = Release|Any CPU
	EndGlobalSection
	GlobalSection(ProjectConfigurationPlatforms) = postSolution
		{C48ED8DA-FDBA-4530-894C-AAA427691413}.Debug|Any CPU.ActiveCfg = Debug|Any CPU
		{C48ED8DA-FDBA-4530-894C-AAA427691413}.Debug|Any CPU.Build.0 = Debug|Any CPU
		{C48ED8DA-FDBA-4530-894C-AAA427691413}.Release|Any CPU.ActiveCfg = Release|Any CPU
		{C48ED8DA-FDBA-4530-894C-AAA427691413}.Release|Any CPU.Build.0 = Release|Any CPU
	EndGlobalSection
	GlobalSection(SolutionProperties) = preSolution
		HideSolutionNode = FALSE
	EndGlobalSection
	GlobalSection(ExtensibilityGlobals) = postSolution
		SolutionGuid = {B6F48518-6379-4B0A-A860-FA6C1021071C}
	EndGlobalSection
EndGlobal
